
Microsoft Visual Studio Solution File, Format Version 12.00
# Visual Studio 2013
VisualStudioVersion = 12.0.21005.1
MinimumVisualStudioVersion = 10.0.40219.1
Project("{FAE04EC0-301F-11D3-BF4B-00C04F79EFBC}") = "index", "index\index.csproj", "{3B1AF617-845B-473D-AE6E-01E86EFB81A9}"
EndProject
Project("{FAE04EC0-301F-11D3-BF4B-00C04F79EFBC}") = "Logica", "Logica\Logica.csproj", "{5945F51E-AE79-4AD4-90EB-8B00FA040A3A}"
EndProject
Global
	GlobalSection(SolutionConfigurationPlatforms) = preSolution
		Debug|Any CPU = Debug|Any CPU
		Release|Any CPU = Release|Any CPU
	EndGlobalSection
	GlobalSection(ProjectConfigurationPlatforms) = postSolution
		{3B1AF617-845B-473D-AE6E-01E86EFB81A9}.Debug|Any CPU.ActiveCfg = Debug|Any CPU
		{3B1AF617-845B-473D-AE6E-01E86EFB81A9}.Debug|Any CPU.Build.0 = Debug|Any CPU
		{3B1AF617-845B-473D-AE6E-01E86EFB81A9}.Release|Any CPU.ActiveCfg = Release|Any CPU
		{3B1AF617-845B-473D-AE6E-01E86EFB81A9}.Release|Any CPU.Build.0 = Release|Any CPU
		{5945F51E-AE79-4AD4-90EB-8B00FA040A3A}.Debug|Any CPU.ActiveCfg = Debug|Any CPU
		{5945F51E-AE79-4AD4-90EB-8B00FA040A3A}.Debug|Any CPU.Build.0 = Debug|Any CPU
		{5945F51E-AE79-4AD4-90EB-8B00FA040A3A}.Release|Any CPU.ActiveCfg = Release|Any CPU
		{5945F51E-AE79-4AD4-90EB-8B00FA040A3A}.Release|Any CPU.Build.0 = Release|Any CPU
	EndGlobalSection
	GlobalSection(SolutionProperties) = preSolution
		HideSolutionNode = FALSE
	EndGlobalSection
EndGlobal
